
Microsoft Visual Studio Solution File, Format Version 12.00
# Visual Studio Version 16
VisualStudioVersion = 16.0.31129.286
MinimumVisualStudioVersion = 10.0.40219.1
Project("{FAE04EC0-301F-11D3-BF4B-00C04F79EFBC}") = "RestaurantRecommender.AI", "RestaurantRecommender.AI\RestaurantRecommender.AI.csproj", "{6E4CBCBB-9D8E-4680-B4CB-E0F29DFDB383}"
EndProject
Global
	GlobalSection(SolutionConfigurationPlatforms) = preSolution
		Debug|Any CPU = Debug|Any CPU
		Release|Any CPU = Release|Any CPU
	EndGlobalSection
	GlobalSection(ProjectConfigurationPlatforms) = postSolution
		{6E4CBCBB-9D8E-4680-B4CB-E0F29DFDB383}.Debug|Any CPU.ActiveCfg = Debug|Any CPU
		{6E4CBCBB-9D8E-4680-B4CB-E0F29DFDB383}.Debug|Any CPU.Build.0 = Debug|Any CPU
		{6E4CBCBB-9D8E-4680-B4CB-E0F29DFDB383}.Release|Any CPU.ActiveCfg = Release|Any CPU
		{6E4CBCBB-9D8E-4680-B4CB-E0F29DFDB383}.Release|Any CPU.Build.0 = Release|Any CPU
	EndGlobalSection
	GlobalSection(SolutionProperties) = preSolution
		HideSolutionNode = FALSE
	EndGlobalSection
	GlobalSection(ExtensibilityGlobals) = postSolution
		SolutionGuid = {8D32B877-0B46-434B-B6EA-4B8E8ACFFA9D}
	EndGlobalSection
EndGlobal
